
Microsoft Visual Studio Solution File, Format Version 12.00
# Visual Studio 14
VisualStudioVersion = 14.0.24720.0
MinimumVisualStudioVersion = 10.0.40219.1
Project("{FAE04EC0-301F-11D3-BF4B-00C04F79EFBC}") = "SM.Web", "SM.Web\SM.Web.csproj", "{70B57800-D7F0-4FF3-B365-3292EA92BBC5}"
	ProjectSection(ProjectDependencies) = postProject
		{59F72984-59D8-48B6-9E22-1EAED26C935E} = {59F72984-59D8-48B6-9E22-1EAED26C935E}
	EndProjectSection
EndProject
Project("{FAE04EC0-301F-11D3-BF4B-00C04F79EFBC}") = "DataAccessing", "DataAccessing\DataAccessing.csproj", "{DAEC27BD-C1DA-4481-A8FB-6548ACED2381}"
EndProject
Project("{FAE04EC0-301F-11D3-BF4B-00C04F79EFBC}") = "SMWcfService", "SMWcfService\SMWcfService.csproj", "{59F72984-59D8-48B6-9E22-1EAED26C935E}"
EndProject
Project("{FAE04EC0-301F-11D3-BF4B-00C04F79EFBC}") = "SMSecurity", "SMSecurity\SMSecurity.csproj", "{6809C2B6-3985-43D4-8584-A1FCBE190958}"
EndProject
Global
	GlobalSection(SolutionConfigurationPlatforms) = preSolution
		Debug|Any CPU = Debug|Any CPU
		Release|Any CPU = Release|Any CPU
	EndGlobalSection
	GlobalSection(ProjectConfigurationPlatforms) = postSolution
		{70B57800-D7F0-4FF3-B365-3292EA92BBC5}.Debug|Any CPU.ActiveCfg = Debug|Any CPU
		{70B57800-D7F0-4FF3-B365-3292EA92BBC5}.Debug|Any CPU.Build.0 = Debug|Any CPU
		{70B57800-D7F0-4FF3-B365-3292EA92BBC5}.Release|Any CPU.ActiveCfg = Release|Any CPU
		{70B57800-D7F0-4FF3-B365-3292EA92BBC5}.Release|Any CPU.Build.0 = Release|Any CPU
		{DAEC27BD-C1DA-4481-A8FB-6548ACED2381}.Debug|Any CPU.ActiveCfg = Debug|Any CPU
		{DAEC27BD-C1DA-4481-A8FB-6548ACED2381}.Debug|Any CPU.Build.0 = Debug|Any CPU
		{DAEC27BD-C1DA-4481-A8FB-6548ACED2381}.Release|Any CPU.ActiveCfg = Release|Any CPU
		{DAEC27BD-C1DA-4481-A8FB-6548ACED2381}.Release|Any CPU.Build.0 = Release|Any CPU
		{59F72984-59D8-48B6-9E22-1EAED26C935E}.Debug|Any CPU.ActiveCfg = Debug|Any CPU
		{59F72984-59D8-48B6-9E22-1EAED26C935E}.Debug|Any CPU.Build.0 = Debug|Any CPU
		{59F72984-59D8-48B6-9E22-1EAED26C935E}.Release|Any CPU.ActiveCfg = Release|Any CPU
		{59F72984-59D8-48B6-9E22-1EAED26C935E}.Release|Any CPU.Build.0 = Release|Any CPU
		{6809C2B6-3985-43D4-8584-A1FCBE190958}.Debug|Any CPU.ActiveCfg = Debug|Any CPU
		{6809C2B6-3985-43D4-8584-A1FCBE190958}.Debug|Any CPU.Build.0 = Debug|Any CPU
		{6809C2B6-3985-43D4-8584-A1FCBE190958}.Release|Any CPU.ActiveCfg = Release|Any CPU
		{6809C2B6-3985-43D4-8584-A1FCBE190958}.Release|Any CPU.Build.0 = Release|Any CPU
	EndGlobalSection
	GlobalSection(SolutionProperties) = preSolution
		HideSolutionNode = FALSE
	EndGlobalSection
	GlobalSection(ExtensibilityGlobals) = postSolution
		EnterpriseLibraryConfigurationToolBinariesPathV6 = packages\EnterpriseLibrary.Common.6.0.1304.0\lib\NET45;packages\EnterpriseLibrary.Data.6.0.1304.0\lib\NET45
	EndGlobalSection
EndGlobal
