
Microsoft Visual Studio Solution File, Format Version 12.00
# Visual Studio 14
VisualStudioVersion = 14.0.25420.1
MinimumVisualStudioVersion = 10.0.40219.1
Project("{FAE04EC0-301F-11D3-BF4B-00C04F79EFBC}") = "SM.Web", "SM.Web\SM.Web.csproj", "{70B57800-D7F0-4FF3-B365-3292EA92BBC5}"
	ProjectSection(ProjectDependencies) = postProject
		{59F72984-59D8-48B6-9E22-1EAED26C935E} = {59F72984-59D8-48B6-9E22-1EAED26C935E}
	EndProjectSection
EndProject
Project("{FAE04EC0-301F-11D3-BF4B-00C04F79EFBC}") = "SM.DataAccessing", "DataAccessing\SM.DataAccessing.csproj", "{DAEC27BD-C1DA-4481-A8FB-6548ACED2381}"
EndProject
Project("{FAE04EC0-301F-11D3-BF4B-00C04F79EFBC}") = "SM.WcfService", "SMWcfService\SM.WcfService.csproj", "{59F72984-59D8-48B6-9E22-1EAED26C935E}"
EndProject
Project("{FAE04EC0-301F-11D3-BF4B-00C04F79EFBC}") = "SM.Security", "SMSecurity\SM.Security.csproj", "{6809C2B6-3985-43D4-8584-A1FCBE190958}"
EndProject
Project("{FAE04EC0-301F-11D3-BF4B-00C04F79EFBC}") = "SM.Model", "SM.Model\SM.Model.csproj", "{FBD7F07E-A205-4054-BEB5-0B89DF2DA223}"
EndProject
Project("{FAE04EC0-301F-11D3-BF4B-00C04F79EFBC}") = "SM.Business", "SM.Business\SM.Business.csproj", "{9733DA05-6CFA-48D3-9595-0DEB75B90626}"
EndProject
Project("{FAE04EC0-301F-11D3-BF4B-00C04F79EFBC}") = "SM.Business.Validation", "SM.Business.Validation\SM.Business.Validation.csproj", "{23ADA52F-01C7-4890-9B97-DF5A472E5F90}"
EndProject
Project("{FAE04EC0-301F-11D3-BF4B-00C04F79EFBC}") = "SM.Repository", "SM.Repository\SM.Repository.csproj", "{4006B970-3F8B-473F-8E7E-5045F20243A2}"
EndProject
Project("{FAE04EC0-301F-11D3-BF4B-00C04F79EFBC}") = "SM.Cache", "SM.Cache\SM.Cache.csproj", "{81A31DEC-1858-429D-B092-27378D5795B8}"
EndProject
Project("{FAE04EC0-301F-11D3-BF4B-00C04F79EFBC}") = "SM.Helpers", "SM.Helpers\SM.Helpers.csproj", "{42C264D6-288E-419D-B2FA-ABE3ED4A2552}"
EndProject
Global
	GlobalSection(SolutionConfigurationPlatforms) = preSolution
		Debug|Any CPU = Debug|Any CPU
		Release|Any CPU = Release|Any CPU
	EndGlobalSection
	GlobalSection(ProjectConfigurationPlatforms) = postSolution
		{70B57800-D7F0-4FF3-B365-3292EA92BBC5}.Debug|Any CPU.ActiveCfg = Debug|Any CPU
		{70B57800-D7F0-4FF3-B365-3292EA92BBC5}.Debug|Any CPU.Build.0 = Debug|Any CPU
		{70B57800-D7F0-4FF3-B365-3292EA92BBC5}.Release|Any CPU.ActiveCfg = Release|Any CPU
		{70B57800-D7F0-4FF3-B365-3292EA92BBC5}.Release|Any CPU.Build.0 = Release|Any CPU
		{DAEC27BD-C1DA-4481-A8FB-6548ACED2381}.Debug|Any CPU.ActiveCfg = Debug|Any CPU
		{DAEC27BD-C1DA-4481-A8FB-6548ACED2381}.Debug|Any CPU.Build.0 = Debug|Any CPU
		{DAEC27BD-C1DA-4481-A8FB-6548ACED2381}.Release|Any CPU.ActiveCfg = Release|Any CPU
		{DAEC27BD-C1DA-4481-A8FB-6548ACED2381}.Release|Any CPU.Build.0 = Release|Any CPU
		{59F72984-59D8-48B6-9E22-1EAED26C935E}.Debug|Any CPU.ActiveCfg = Debug|Any CPU
		{59F72984-59D8-48B6-9E22-1EAED26C935E}.Debug|Any CPU.Build.0 = Debug|Any CPU
		{59F72984-59D8-48B6-9E22-1EAED26C935E}.Release|Any CPU.ActiveCfg = Release|Any CPU
		{59F72984-59D8-48B6-9E22-1EAED26C935E}.Release|Any CPU.Build.0 = Release|Any CPU
		{6809C2B6-3985-43D4-8584-A1FCBE190958}.Debug|Any CPU.ActiveCfg = Debug|Any CPU
		{6809C2B6-3985-43D4-8584-A1FCBE190958}.Debug|Any CPU.Build.0 = Debug|Any CPU
		{6809C2B6-3985-43D4-8584-A1FCBE190958}.Release|Any CPU.ActiveCfg = Release|Any CPU
		{6809C2B6-3985-43D4-8584-A1FCBE190958}.Release|Any CPU.Build.0 = Release|Any CPU
		{FBD7F07E-A205-4054-BEB5-0B89DF2DA223}.Debug|Any CPU.ActiveCfg = Debug|Any CPU
		{FBD7F07E-A205-4054-BEB5-0B89DF2DA223}.Debug|Any CPU.Build.0 = Debug|Any CPU
		{FBD7F07E-A205-4054-BEB5-0B89DF2DA223}.Release|Any CPU.ActiveCfg = Release|Any CPU
		{FBD7F07E-A205-4054-BEB5-0B89DF2DA223}.Release|Any CPU.Build.0 = Release|Any CPU
		{9733DA05-6CFA-48D3-9595-0DEB75B90626}.Debug|Any CPU.ActiveCfg = Debug|Any CPU
		{9733DA05-6CFA-48D3-9595-0DEB75B90626}.Debug|Any CPU.Build.0 = Debug|Any CPU
		{9733DA05-6CFA-48D3-9595-0DEB75B90626}.Release|Any CPU.ActiveCfg = Release|Any CPU
		{9733DA05-6CFA-48D3-9595-0DEB75B90626}.Release|Any CPU.Build.0 = Release|Any CPU
		{23ADA52F-01C7-4890-9B97-DF5A472E5F90}.Debug|Any CPU.ActiveCfg = Debug|Any CPU
		{23ADA52F-01C7-4890-9B97-DF5A472E5F90}.Debug|Any CPU.Build.0 = Debug|Any CPU
		{23ADA52F-01C7-4890-9B97-DF5A472E5F90}.Release|Any CPU.ActiveCfg = Release|Any CPU
		{23ADA52F-01C7-4890-9B97-DF5A472E5F90}.Release|Any CPU.Build.0 = Release|Any CPU
		{4006B970-3F8B-473F-8E7E-5045F20243A2}.Debug|Any CPU.ActiveCfg = Debug|Any CPU
		{4006B970-3F8B-473F-8E7E-5045F20243A2}.Debug|Any CPU.Build.0 = Debug|Any CPU
		{4006B970-3F8B-473F-8E7E-5045F20243A2}.Release|Any CPU.ActiveCfg = Release|Any CPU
		{4006B970-3F8B-473F-8E7E-5045F20243A2}.Release|Any CPU.Build.0 = Release|Any CPU
		{81A31DEC-1858-429D-B092-27378D5795B8}.Debug|Any CPU.ActiveCfg = Debug|Any CPU
		{81A31DEC-1858-429D-B092-27378D5795B8}.Debug|Any CPU.Build.0 = Debug|Any CPU
		{81A31DEC-1858-429D-B092-27378D5795B8}.Release|Any CPU.ActiveCfg = Release|Any CPU
		{81A31DEC-1858-429D-B092-27378D5795B8}.Release|Any CPU.Build.0 = Release|Any CPU
		{42C264D6-288E-419D-B2FA-ABE3ED4A2552}.Debug|Any CPU.ActiveCfg = Debug|Any CPU
		{42C264D6-288E-419D-B2FA-ABE3ED4A2552}.Debug|Any CPU.Build.0 = Debug|Any CPU
		{42C264D6-288E-419D-B2FA-ABE3ED4A2552}.Release|Any CPU.ActiveCfg = Release|Any CPU
		{42C264D6-288E-419D-B2FA-ABE3ED4A2552}.Release|Any CPU.Build.0 = Release|Any CPU
	EndGlobalSection
	GlobalSection(SolutionProperties) = preSolution
		HideSolutionNode = FALSE
	EndGlobalSection
	GlobalSection(ExtensibilityGlobals) = postSolution
		EnterpriseLibraryConfigurationToolBinariesPathV6 = packages\EnterpriseLibrary.Common.6.0.1304.0\lib\NET45;packages\EnterpriseLibrary.Data.6.0.1304.0\lib\NET45
	EndGlobalSection
EndGlobal
